# This file is automatically @generated by Cargo.
# It is not intended for manual editing.
version = 4

[[package]]
name = "derive-getters"
version = "0.5.0"
source = "registry+https://github.com/rust-lang/crates.io-index"
checksum = "74ef43543e701c01ad77d3a5922755c6a1d71b22d942cb8042be4994b380caff"
dependencies = [
 "proc-macro2",
 "quote",
 "syn",
]

[[package]]
name = "derive-new"
version = "0.7.0"
source = "registry+https://github.com/rust-lang/crates.io-index"
checksum = "2cdc8d50f426189eef89dac62fabfa0abb27d5cc008f25bf4156a0203325becc"
dependencies = [
 "proc-macro2",
 "quote",
 "syn",
]

[[package]]
name = "playground"
version = "0.1.0"
dependencies = [
 "derive-getters",
 "derive-new",
]

[[package]]
name = "proc-macro2"
version = "1.0.106"
source = "registry+https://github.com/rust-lang/crates.io-index"
checksum = "8fd00f0bb2e90d81d1044c2b32617f68fcb9fa3bb7640c23e9c748e53fb30934"
dependencies = [
 "unicode-ident",
]

[[package]]
name = "quote"
version = "1.0.46"
source = "registry+https://github.com/rust-lang/crates.io-index"
checksum = "dfbc457d0c7a0759a614551b11a6409e5951f6c7537be1f1b7682b9ae9230368"
dependencies = [
 "proc-macro2",
]

[[package]]
name = "syn"
version = "2.0.119"
source = "registry+https://github.com/rust-lang/crates.io-index"
checksum = "872831b642d1a07999a962a351ed35b955ea2cfc8f3862091e2a240a84f17297"
dependencies = [
 "proc-macro2",
 "quote",
 "unicode-ident",
]

[[package]]
name = "unicode-ident"
version = "1.0.24"
source = "registry+https://github.com/rust-lang/crates.io-index"
checksum = "e6e4313cd5fcd3dad5cafa179702e2b244f760991f45397d14d4ebf38247da75"
